// !$*UTF8*$!
{
	archiveVersion = 1;
	classes = {
	};
	objectVersion = 56;
	objects = {

/* Begin PBXBuildFile section */
		FEE1FD572BABD686000E5B4C /* AppDelegate.swift in Sources */ = {isa = PBXBuildFile; fileRef = FEE1FD562BABD686000E5B4C /* AppDelegate.swift */; };
		FEE1FD592BABD686000E5B4C /* SceneDelegate.swift in Sources */ = {isa = PBXBuildFile; fileRef = FEE1FD582BABD686000E5B4C /* SceneDelegate.swift */; };
		FEE1FD5B2BABD686000E5B4C /* ViewController.swift in Sources */ = {isa = PBXBuildFile; fileRef = FEE1FD5A2BABD686000E5B4C /* ViewController.swift */; };
		FEE1FD5E2BABD686000E5B4C /* Base in Resources */ = {isa = PBXBuildFile; fileRef = FEE1FD5D2BABD686000E5B4C /* Base */; };
		FEE1FD602BABD688000E5B4C /* Assets.xcassets in Resources */ = {isa = PBXBuildFile; fileRef = FEE1FD5F2BABD688000E5B4C /* Assets.xcassets */; };
		FEE1FD632BABD688000E5B4C /* Base in Resources */ = {isa = PBXBuildFile; fileRef = FEE1FD622BABD688000E5B4C /* Base */; };
		FEE1FD6E2BABD688000E5B4C /* SQLiteDemoTests.swift in Sources */ = {isa = PBXBuildFile; fileRef = FEE1FD6D2BABD688000E5B4C /* SQLiteDemoTests.swift */; };
		FEE1FD782BABD688000E5B4C /* SQLiteDemoUITests.swift in Sources */ = {isa = PBXBuildFile; fileRef = FEE1FD772BABD688000E5B4C /* SQLiteDemoUITests.swift */; };
		FEE1FD7A2BABD688000E5B4C /* SQLiteDemoUITestsLaunchTests.swift in Sources */ = {isa = PBXBuildFile; fileRef = FEE1FD792BABD688000E5B4C /* SQLiteDemoUITestsLaunchTests.swift */; };
		FEE1FD872BABD721000E5B4C /* Models.swift in Sources */ = {isa = PBXBuildFile; fileRef = FEE1FD862BABD721000E5B4C /* Models.swift */; };
		FEE1FD892BABD763000E5B4C /* Repository.swift in Sources */ = {isa = PBXBuildFile; fileRef = FEE1FD882BABD763000E5B4C /* Repository.swift */; };
/* End PBXBuildFile section */

/* Begin PBXContainerItemProxy section */
		FEE1FD6A2BABD688000E5B4C /* PBXContainerItemProxy */ = {
			isa = PBXContainerItemProxy;
			containerPortal = FEE1FD4B2BABD686000E5B4C /* Project object */;
			proxyType = 1;
			remoteGlobalIDString = FEE1FD522BABD686000E5B4C;
			remoteInfo = SQLiteDemo;
		};
		FEE1FD742BABD688000E5B4C /* PBXContainerItemProxy */ = {
			isa = PBXContainerItemProxy;
			containerPortal = FEE1FD4B2BABD686000E5B4C /* Project object */;
			proxyType = 1;
			remoteGlobalIDString = FEE1FD522BABD686000E5B4C;
			remoteInfo = SQLiteDemo;
		};
/* End PBXContainerItemProxy section */

/* Begin PBXFileReference section */
		FEE1FD532BABD686000E5B4C /* SQLiteDemo.app */ = {isa = PBXFileReference; explicitFileType = wrapper.application; includeInIndex = 0; path = SQLiteDemo.app; sourceTree = BUILT_PRODUCTS_DIR; };
		FEE1FD562BABD686000E5B4C /* AppDelegate.swift */ = {isa = PBXFileReference; lastKnownFileType = sourcecode.swift; path = AppDelegate.swift; sourceTree = "<group>"; };
		FEE1FD582BABD686000E5B4C /* SceneDelegate.swift */ = {isa = PBXFileReference; lastKnownFileType = sourcecode.swift; path = SceneDelegate.swift; sourceTree = "<group>"; };
		FEE1FD5A2BABD686000E5B4C /* ViewController.swift */ = {isa = PBXFileReference; lastKnownFileType = sourcecode.swift; path = ViewController.swift; sourceTree = "<group>"; };
		FEE1FD5D2BABD686000E5B4C /* Base */ = {isa = PBXFileReference; lastKnownFileType = file.storyboard; name = Base; path = Base.lproj/Main.storyboard; sourceTree = "<group>"; };
		FEE1FD5F2BABD688000E5B4C /* Assets.xcassets */ = {isa = PBXFileReference; lastKnownFileType = folder.assetcatalog; path = Assets.xcassets; sourceTree = "<group>"; };
		FEE1FD622BABD688000E5B4C /* Base */ = {isa = PBXFileReference; lastKnownFileType = file.storyboard; name = Base; path = Base.lproj/LaunchScreen.storyboard; sourceTree = "<group>"; };
		FEE1FD642BABD688000E5B4C /* Info.plist */ = {isa = PBXFileReference; lastKnownFileType = text.plist.xml; path = Info.plist; sourceTree = "<group>"; };
		FEE1FD692BABD688000E5B4C /* SQLiteDemoTests.xctest */ = {isa = PBXFileReference; explicitFileType = wrapper.cfbundle; includeInIndex = 0; path = SQLiteDemoTests.xctest; sourceTree = BUILT_PRODUCTS_DIR; };
		FEE1FD6D2BABD688000E5B4C /* SQLiteDemoTests.swift */ = {isa = PBXFileReference; lastKnownFileType = sourcecode.swift; path = SQLiteDemoTests.swift; sourceTree = "<group>"; };
		FEE1FD732BABD688000E5B4C /* SQLiteDemoUITests.xctest */ = {isa = PBXFileReference; explicitFileType = wrapper.cfbundle; includeInIndex = 0; path = SQLiteDemoUITests.xctest; sourceTree = BUILT_PRODUCTS_DIR; };
		FEE1FD772BABD688000E5B4C /* SQLiteDemoUITests.swift */ = {isa = PBXFileReference; lastKnownFileType = sourcecode.swift; path = SQLiteDemoUITests.swift; sourceTree = "<group>"; };
		FEE1FD792BABD688000E5B4C /* SQLiteDemoUITestsLaunchTests.swift */ = {isa = PBXFileReference; lastKnownFileType = sourcecode.swift; path = SQLiteDemoUITestsLaunchTests.swift; sourceTree = "<group>"; };
		FEE1FD862BABD721000E5B4C /* Models.swift */ = {isa = PBXFileReference; lastKnownFileType = sourcecode.swift; path = Models.swift; sourceTree = "<group>"; };
		FEE1FD882BABD763000E5B4C /* Repository.swift */ = {isa = PBXFileReference; lastKnownFileType = sourcecode.swift; path = Repository.swift; sourceTree = "<group>"; };
/* End PBXFileReference section */

/* Begin PBXFrameworksBuildPhase section */
		FEE1FD502BABD686000E5B4C /* Frameworks */ = {
			isa = PBXFrameworksBuildPhase;
			buildActionMask = 2147483647;
			files = (
			);
			runOnlyForDeploymentPostprocessing = 0;
		};
		FEE1FD662BABD688000E5B4C /* Frameworks */ = {
			isa = PBXFrameworksBuildPhase;
			buildActionMask = 2147483647;
			files = (
			);
			runOnlyForDeploymentPostprocessing = 0;
		};
		FEE1FD702BABD688000E5B4C /* Frameworks */ = {
			isa = PBXFrameworksBuildPhase;
			buildActionMask = 2147483647;
			files = (
			);
			runOnlyForDeploymentPostprocessing = 0;
		};
/* End PBXFrameworksBuildPhase section */

/* Begin PBXGroup section */
		FEE1FD4A2BABD686000E5B4C = {
			isa = PBXGroup;
			children = (
				FEE1FD552BABD686000E5B4C /* SQLiteDemo */,
				FEE1FD6C2BABD688000E5B4C /* SQLiteDemoTests */,
				FEE1FD762BABD688000E5B4C /* SQLiteDemoUITests */,
				FEE1FD542BABD686000E5B4C /* Products */,
			);
			sourceTree = "<group>";
		};
		FEE1FD542BABD686000E5B4C /* Products */ = {
			isa = PBXGroup;
			children = (
				FEE1FD532BABD686000E5B4C /* SQLiteDemo.app */,
				FEE1FD692BABD688000E5B4C /* SQLiteDemoTests.xctest */,
				FEE1FD732BABD688000E5B4C /* SQLiteDemoUITests.xctest */,
			);
			name = Products;
			sourceTree = "<group>";
		};
		FEE1FD552BABD686000E5B4C /* SQLiteDemo */ = {
			isa = PBXGroup;
			children = (
				FEE1FD562BABD686000E5B4C /* AppDelegate.swift */,
				FEE1FD582BABD686000E5B4C /* SceneDelegate.swift */,
				FEE1FD5A2BABD686000E5B4C /* ViewController.swift */,
				FEE1FD5C2BABD686000E5B4C /* Main.storyboard */,
				FEE1FD5F2BABD688000E5B4C /* Assets.xcassets */,
				FEE1FD612BABD688000E5B4C /* LaunchScreen.storyboard */,
				FEE1FD642BABD688000E5B4C /* Info.plist */,
				FEE1FD862BABD721000E5B4C /* Models.swift */,
				FEE1FD882BABD763000E5B4C /* Repository.swift */,
			);
			path = SQLiteDemo;
			sourceTree = "<group>";
		};
		FEE1FD6C2BABD688000E5B4C /* SQLiteDemoTests */ = {
			isa = PBXGroup;
			children = (
				FEE1FD6D2BABD688000E5B4C /* SQLiteDemoTests.swift */,
			);
			path = SQLiteDemoTests;
			sourceTree = "<group>";
		};
		FEE1FD762BABD688000E5B4C /* SQLiteDemoUITests */ = {
			isa = PBXGroup;
			children = (
				FEE1FD772BABD688000E5B4C /* SQLiteDemoUITests.swift */,
				FEE1FD792BABD688000E5B4C /* SQLiteDemoUITestsLaunchTests.swift */,
			);
			path = SQLiteDemoUITests;
			sourceTree = "<group>";
		};
/* End PBXGroup section */

/* Begin PBXNativeTarget section */
		FEE1FD522BABD686000E5B4C /* SQLiteDemo */ = {
			isa = PBXNativeTarget;
			buildConfigurationList = FEE1FD7D2BABD688000E5B4C /* Build configuration list for PBXNativeTarget "SQLiteDemo" */;
			buildPhases = (
				FEE1FD4F2BABD686000E5B4C /* Sources */,
				FEE1FD502BABD686000E5B4C /* Frameworks */,
				FEE1FD512BABD686000E5B4C /* Resources */,
			);
			buildRules = (
			);
			dependencies = (
			);
			name = SQLiteDemo;
			productName = SQLiteDemo;
			productReference = FEE1FD532BABD686000E5B4C /* SQLiteDemo.app */;
			productType = "com.apple.product-type.application";
		};
		FEE1FD682BABD688000E5B4C /* SQLiteDemoTests */ = {
			isa = PBXNativeTarget;
			buildConfigurationList = FEE1FD802BABD688000E5B4C /* Build configuration list for PBXNativeTarget "SQLiteDemoTests" */;
			buildPhases = (
				FEE1FD652BABD688000E5B4C /* Sources */,
				FEE1FD662BABD688000E5B4C /* Frameworks */,
				FEE1FD672BABD688000E5B4C /* Resources */,
			);
			buildRules = (
			);
			dependencies = (
				FEE1FD6B2BABD688000E5B4C /* PBXTargetDependency */,
			);
			name = SQLiteDemoTests;
			productName = SQLiteDemoTests;
			productReference = FEE1FD692BABD688000E5B4C /* SQLiteDemoTests.xctest */;
			productType = "com.apple.product-type.bundle.unit-test";
		};
		FEE1FD722BABD688000E5B4C /* SQLiteDemoUITests */ = {
			isa = PBXNativeTarget;
			buildConfigurationList = FEE1FD832BABD688000E5B4C /* Build configuration list for PBXNativeTarget "SQLiteDemoUITests" */;
			buildPhases = (
				FEE1FD6F2BABD688000E5B4C /* Sources */,
				FEE1FD702BABD688000E5B4C /* Frameworks */,
				FEE1FD712BABD688000E5B4C /* Resources */,
			);
			buildRules = (
			);
			dependencies = (
				FEE1FD752BABD688000E5B4C /* PBXTargetDependency */,
			);
			name = SQLiteDemoUITests;
			productName = SQLiteDemoUITests;
			productReference = FEE1FD732BABD688000E5B4C /* SQLiteDemoUITests.xctest */;
			productType = "com.apple.product-type.bundle.ui-testing";
		};
/* End PBXNativeTarget section */

/* Begin PBXProject section */
		FEE1FD4B2BABD686000E5B4C /* Project object */ = {
			isa = PBXProject;
			attributes = {
				BuildIndependentTargetsInParallel = 1;
				LastSwiftUpdateCheck = 1530;
				LastUpgradeCheck = 1530;
				TargetAttributes = {
					FEE1FD522BABD686000E5B4C = {
						CreatedOnToolsVersion = 15.3;
					};
					FEE1FD682BABD688000E5B4C = {
						CreatedOnToolsVersion = 15.3;
						TestTargetID = FEE1FD522BABD686000E5B4C;
					};
					FEE1FD722BABD688000E5B4C = {
						CreatedOnToolsVersion = 15.3;
						TestTargetID = FEE1FD522BABD686000E5B4C;
					};
				};
			};
			buildConfigurationList = FEE1FD4E2BABD686000E5B4C /* Build configuration list for PBXProject "SQLiteDemo" */;
			compatibilityVersion = "Xcode 14.0";
			developmentRegion = en;
			hasScannedForEncodings = 0;
			knownRegions = (
				en,
				Base,
			);
			mainGroup = FEE1FD4A2BABD686000E5B4C;
			productRefGroup = FEE1FD542BABD686000E5B4C /* Products */;
			projectDirPath = "";
			projectRoot = "";
			targets = (
				FEE1FD522BABD686000E5B4C /* SQLiteDemo */,
				FEE1FD682BABD688000E5B4C /* SQLiteDemoTests */,
				FEE1FD722BABD688000E5B4C /* SQLiteDemoUITests */,
			);
		};
/* End PBXProject section */

/* Begin PBXResourcesBuildPhase section */
		FEE1FD512BABD686000E5B4C /* Resources */ = {
			isa = PBXResourcesBuildPhase;
			buildActionMask = 2147483647;
			files = (
				FEE1FD602BABD688000E5B4C /* Assets.xcassets in Resources */,
				FEE1FD632BABD688000E5B4C /* Base in Resources */,
				FEE1FD5E2BABD686000E5B4C /* Base in Resources */,
			);
			runOnlyForDeploymentPostprocessing = 0;
		};
		FEE1FD672BABD688000E5B4C /* Resources */ = {
			isa = PBXResourcesBuildPhase;
			buildActionMask = 2147483647;
			files = (
			);
			runOnlyForDeploymentPostprocessing = 0;
		};
		FEE1FD712BABD688000E5B4C /* Resources */ = {
			isa = PBXResourcesBuildPhase;
			buildActionMask = 2147483647;
			files = (
			);
			runOnlyForDeploymentPostprocessing = 0;
		};
/* End PBXResourcesBuildPhase section */

/* Begin PBXSourcesBuildPhase section */
		FEE1FD4F2BABD686000E5B4C /* Sources */ = {
			isa = PBXSourcesBuildPhase;
			buildActionMask = 2147483647;
			files = (
				FEE1FD5B2BABD686000E5B4C /* ViewController.swift in Sources */,
				FEE1FD572BABD686000E5B4C /* AppDelegate.swift in Sources */,
				FEE1FD892BABD763000E5B4C /* Repository.swift in Sources */,
				FEE1FD592BABD686000E5B4C /* SceneDelegate.swift in Sources */,
				FEE1FD872BABD721000E5B4C /* Models.swift in Sources */,
			);
			runOnlyForDeploymentPostprocessing = 0;
		};
		FEE1FD652BABD688000E5B4C /* Sources */ = {
			isa = PBXSourcesBuildPhase;
			buildActionMask = 2147483647;
			files = (
				FEE1FD6E2BABD688000E5B4C /* SQLiteDemoTests.swift in Sources */,
			);
			runOnlyForDeploymentPostprocessing = 0;
		};
		FEE1FD6F2BABD688000E5B4C /* Sources */ = {
			isa = PBXSourcesBuildPhase;
			buildActionMask = 2147483647;
			files = (
				FEE1FD782BABD688000E5B4C /* SQLiteDemoUITests.swift in Sources */,
				FEE1FD7A2BABD688000E5B4C /* SQLiteDemoUITestsLaunchTests.swift in Sources */,
			);
			runOnlyForDeploymentPostprocessing = 0;
		};
/* End PBXSourcesBuildPhase section */

/* Begin PBXTargetDependency section */
		FEE1FD6B2BABD688000E5B4C /* PBXTargetDependency */ = {
			isa = PBXTargetDependency;
			target = FEE1FD522BABD686000E5B4C /* SQLiteDemo */;
			targetProxy = FEE1FD6A2BABD688000E5B4C /* PBXContainerItemProxy */;
		};
		FEE1FD752BABD688000E5B4C /* PBXTargetDependency */ = {
			isa = PBXTargetDependency;
			target = FEE1FD522BABD686000E5B4C /* SQLiteDemo */;
			targetProxy = FEE1FD742BABD688000E5B4C /* PBXContainerItemProxy */;
		};
/* End PBXTargetDependency section */

/* Begin PBXVariantGroup section */
		FEE1FD5C2BABD686000E5B4C /* Main.storyboard */ = {
			isa = PBXVariantGroup;
			children = (
				FEE1FD5D2BABD686000E5B4C /* Base */,
			);
			name = Main.storyboard;
			sourceTree = "<group>";
		};
		FEE1FD612BABD688000E5B4C /* LaunchScreen.storyboard */ = {
			isa = PBXVariantGroup;
			children = (
				FEE1FD622BABD688000E5B4C /* Base */,
			);
			name = LaunchScreen.storyboard;
			sourceTree = "<group>";
		};
/* End PBXVariantGroup section */

/* Begin XCBuildConfiguration section */
		FEE1FD7B2BABD688000E5B4C /* Debug */ = {
			isa = XCBuildConfiguration;
			buildSettings = {
				ALWAYS_SEARCH_USER_PATHS = NO;
				ASSETCATALOG_COMPILER_GENERATE_SWIFT_ASSET_SYMBOL_EXTENSIONS = YES;
				CLANG_ANALYZER_NONNULL = YES;
				CLANG_ANALYZER_NUMBER_OBJECT_CONVERSION = YES_AGGRESSIVE;
				CLANG_CXX_LANGUAGE_STANDARD = "gnu++20";
				CLANG_ENABLE_MODULES = YES;
				CLANG_ENABLE_OBJC_ARC = YES;
				CLANG_ENABLE_OBJC_WEAK = YES;
				CLANG_WARN_BLOCK_CAPTURE_AUTORELEASING = YES;
				CLANG_WARN_BOOL_CONVERSION = YES;
				CLANG_WARN_COMMA = YES;
				CLANG_WARN_CONSTANT_CONVERSION = YES;
				CLANG_WARN_DEPRECATED_OBJC_IMPLEMENTATIONS = YES;
				CLANG_WARN_DIRECT_OBJC_ISA_USAGE = YES_ERROR;
				CLANG_WARN_DOCUMENTATION_COMMENTS = YES;
				CLANG_WARN_EMPTY_BODY = YES;
				CLANG_WARN_ENUM_CONVERSION = YES;
				CLANG_WARN_INFINITE_RECURSION = YES;
				CLANG_WARN_INT_CONVERSION = YES;
				CLANG_WARN_NON_LITERAL_NULL_CONVERSION = YES;
				CLANG_WARN_OBJC_IMPLICIT_RETAIN_SELF = YES;
				CLANG_WARN_OBJC_LITERAL_CONVERSION = YES;
				CLANG_WARN_OBJC_ROOT_CLASS = YES_ERROR;
				CLANG_WARN_QUOTED_INCLUDE_IN_FRAMEWORK_HEADER = YES;
				CLANG_WARN_RANGE_LOOP_ANALYSIS = YES;
				CLANG_WARN_STRICT_PROTOTYPES = YES;
				CLANG_WARN_SUSPICIOUS_MOVE = YES;
				CLANG_WARN_UNGUARDED_AVAILABILITY = YES_AGGRESSIVE;
				CLANG_WARN_UNREACHABLE_CODE = YES;
				CLANG_WARN__DUPLICATE_METHOD_MATCH = YES;
				COPY_PHASE_STRIP = NO;
				DEBUG_INFORMATION_FORMAT = dwarf;
				ENABLE_STRICT_OBJC_MSGSEND = YES;
				ENABLE_TESTABILITY = YES;
				ENABLE_USER_SCRIPT_SANDBOXING = YES;
				GCC_C_LANGUAGE_STANDARD = gnu17;
				GCC_DYNAMIC_NO_PIC = NO;
				GCC_NO_COMMON_BLOCKS = YES;
				GCC_OPTIMIZATION_LEVEL = 0;
				GCC_PREPROCESSOR_DEFINITIONS = (
					"DEBUG=1",
					"$(inherited)",
				);
				GCC_WARN_64_TO_32_BIT_CONVERSION = YES;
				GCC_WARN_ABOUT_RETURN_TYPE = YES_ERROR;
				GCC_WARN_UNDECLARED_SELECTOR = YES;
				GCC_WARN_UNINITIALIZED_AUTOS = YES_AGGRESSIVE;
				GCC_WARN_UNUSED_FUNCTION = YES;
				GCC_WARN_UNUSED_VARIABLE = YES;
				IPHONEOS_DEPLOYMENT_TARGET = 17.4;
				LOCALIZATION_PREFERS_STRING_CATALOGS = YES;
				MTL_ENABLE_DEBUG_INFO = INCLUDE_SOURCE;
				MTL_FAST_MATH = YES;
				ONLY_ACTIVE_ARCH = YES;
				SDKROOT = iphoneos;
				SWIFT_ACTIVE_COMPILATION_CONDITIONS = "DEBUG $(inherited)";
				SWIFT_OPTIMIZATION_LEVEL = "-Onone";
			};
			name = Debug;
		};
		FEE1FD7C2BABD688000E5B4C /* Release */ = {
			isa = XCBuildConfiguration;
			buildSettings = {
				ALWAYS_SEARCH_USER_PATHS = NO;
				ASSETCATALOG_COMPILER_GENERATE_SWIFT_ASSET_SYMBOL_EXTENSIONS = YES;
				CLANG_ANALYZER_NONNULL = YES;
				CLANG_ANALYZER_NUMBER_OBJECT_CONVERSION = YES_AGGRESSIVE;
				CLANG_CXX_LANGUAGE_STANDARD = "gnu++20";
				CLANG_ENABLE_MODULES = YES;
				CLANG_ENABLE_OBJC_ARC = YES;
				CLANG_ENABLE_OBJC_WEAK = YES;
				CLANG_WARN_BLOCK_CAPTURE_AUTORELEASING = YES;
				CLANG_WARN_BOOL_CONVERSION = YES;
				CLANG_WARN_COMMA = YES;
				CLANG_WARN_CONSTANT_CONVERSION = YES;
				CLANG_WARN_DEPRECATED_OBJC_IMPLEMENTATIONS = YES;
				CLANG_WARN_DIRECT_OBJC_ISA_USAGE = YES_ERROR;
				CLANG_WARN_DOCUMENTATION_COMMENTS = YES;
				CLANG_WARN_EMPTY_BODY = YES;
				CLANG_WARN_ENUM_CONVERSION = YES;
				CLANG_WARN_INFINITE_RECURSION = YES;
				CLANG_WARN_INT_CONVERSION = YES;
				CLANG_WARN_NON_LITERAL_NULL_CONVERSION = YES;
				CLANG_WARN_OBJC_IMPLICIT_RETAIN_SELF = YES;
				CLANG_WARN_OBJC_LITERAL_CONVERSION = YES;
				CLANG_WARN_OBJC_ROOT_CLASS = YES_ERROR;
				CLANG_WARN_QUOTED_INCLUDE_IN_FRAMEWORK_HEADER = YES;
				CLANG_WARN_RANGE_LOOP_ANALYSIS = YES;
				CLANG_WARN_STRICT_PROTOTYPES = YES;
				CLANG_WARN_SUSPICIOUS_MOVE = YES;
				CLANG_WARN_UNGUARDED_AVAILABILITY = YES_AGGRESSIVE;
				CLANG_WARN_UNREACHABLE_CODE = YES;
				CLANG_WARN__DUPLICATE_METHOD_MATCH = YES;
				COPY_PHASE_STRIP = NO;
				DEBUG_INFORMATION_FORMAT = "dwarf-with-dsym";
				ENABLE_NS_ASSERTIONS = NO;
				ENABLE_STRICT_OBJC_MSGSEND = YES;
				ENABLE_USER_SCRIPT_SANDBOXING = YES;
				GCC_C_LANGUAGE_STANDARD = gnu17;
				GCC_NO_COMMON_BLOCKS = YES;
				GCC_WARN_64_TO_32_BIT_CONVERSION = YES;
				GCC_WARN_ABOUT_RETURN_TYPE = YES_ERROR;
				GCC_WARN_UNDECLARED_SELECTOR = YES;
				GCC_WARN_UNINITIALIZED_AUTOS = YES_AGGRESSIVE;
				GCC_WARN_UNUSED_FUNCTION = YES;
				GCC_WARN_UNUSED_VARIABLE = YES;
				IPHONEOS_DEPLOYMENT_TARGET = 17.4;
				LOCALIZATION_PREFERS_STRING_CATALOGS = YES;
				MTL_ENABLE_DEBUG_INFO = NO;
				MTL_FAST_MATH = YES;
				SDKROOT = iphoneos;
				SWIFT_COMPILATION_MODE = wholemodule;
				VALIDATE_PRODUCT = YES;
			};
			name = Release;
		};
		FEE1FD7E2BABD688000E5B4C /* Debug */ = {
			isa = XCBuildConfiguration;
			buildSettings = {
				ASSETCATALOG_COMPILER_APPICON_NAME = AppIcon;
				ASSETCATALOG_COMPILER_GLOBAL_ACCENT_COLOR_NAME = AccentColor;
				CODE_SIGN_STYLE = Automatic;
				CURRENT_PROJECT_VERSION = 1;
				DEVELOPMENT_TEAM = PKYZS83VA8;
				GENERATE_INFOPLIST_FILE = YES;
				INFOPLIST_FILE = SQLiteDemo/Info.plist;
				INFOPLIST_KEY_UIApplicationSupportsIndirectInputEvents = YES;
				INFOPLIST_KEY_UILaunchStoryboardName = LaunchScreen;
				INFOPLIST_KEY_UIMainStoryboardFile = Main;
				INFOPLIST_KEY_UISupportedInterfaceOrientations_iPad = "UIInterfaceOrientationPortrait UIInterfaceOrientationPortraitUpsideDown UIInterfaceOrientationLandscapeLeft UIInterfaceOrientationLandscapeRight";
				INFOPLIST_KEY_UISupportedInterfaceOrientations_iPhone = "UIInterfaceOrientationPortrait UIInterfaceOrientationLandscapeLeft UIInterfaceOrientationLandscapeRight";
				LD_RUNPATH_SEARCH_PATHS = (
					"$(inherited)",
					"@executable_path/Frameworks",
				);
				MARKETING_VERSION = 1.0;
				PRODUCT_BUNDLE_IDENTIFIER = edu.uw.ischool.data.SQLiteDemo;
				PRODUCT_NAME = "$(TARGET_NAME)";
				SWIFT_EMIT_LOC_STRINGS = YES;
				SWIFT_VERSION = 5.0;
				TARGETED_DEVICE_FAMILY = "1,2";
			};
			name = Debug;
		};
		FEE1FD7F2BABD688000E5B4C /* Release */ = {
			isa = XCBuildConfiguration;
			buildSettings = {
				ASSETCATALOG_COMPILER_APPICON_NAME = AppIcon;
				ASSETCATALOG_COMPILER_GLOBAL_ACCENT_COLOR_NAME = AccentColor;
				CODE_SIGN_STYLE = Automatic;
				CURRENT_PROJECT_VERSION = 1;
				DEVELOPMENT_TEAM = PKYZS83VA8;
				GENERATE_INFOPLIST_FILE = YES;
				INFOPLIST_FILE = SQLiteDemo/Info.plist;
				INFOPLIST_KEY_UIApplicationSupportsIndirectInputEvents = YES;
				INFOPLIST_KEY_UILaunchStoryboardName = LaunchScreen;
				INFOPLIST_KEY_UIMainStoryboardFile = Main;
				INFOPLIST_KEY_UISupportedInterfaceOrientations_iPad = "UIInterfaceOrientationPortrait UIInterfaceOrientationPortraitUpsideDown UIInterfaceOrientationLandscapeLeft UIInterfaceOrientationLandscapeRight";
				INFOPLIST_KEY_UISupportedInterfaceOrientations_iPhone = "UIInterfaceOrientationPortrait UIInterfaceOrientationLandscapeLeft UIInterfaceOrientationLandscapeRight";
				LD_RUNPATH_SEARCH_PATHS = (
					"$(inherited)",
					"@executable_path/Frameworks",
				);
				MARKETING_VERSION = 1.0;
				PRODUCT_BUNDLE_IDENTIFIER = edu.uw.ischool.data.SQLiteDemo;
				PRODUCT_NAME = "$(TARGET_NAME)";
				SWIFT_EMIT_LOC_STRINGS = YES;
				SWIFT_VERSION = 5.0;
				TARGETED_DEVICE_FAMILY = "1,2";
			};
			name = Release;
		};
		FEE1FD812BABD688000E5B4C /* Debug */ = {
			isa = XCBuildConfiguration;
			buildSettings = {
				ALWAYS_EMBED_SWIFT_STANDARD_LIBRARIES = YES;
				BUNDLE_LOADER = "$(TEST_HOST)";
				CODE_SIGN_STYLE = Automatic;
				CURRENT_PROJECT_VERSION = 1;
				DEVELOPMENT_TEAM = PKYZS83VA8;
				GENERATE_INFOPLIST_FILE = YES;
				IPHONEOS_DEPLOYMENT_TARGET = 17.4;
				MARKETING_VERSION = 1.0;
				PRODUCT_BUNDLE_IDENTIFIER = edu.uw.ischool.data.SQLiteDemoTests;
				PRODUCT_NAME = "$(TARGET_NAME)";
				SWIFT_EMIT_LOC_STRINGS = NO;
				SWIFT_VERSION = 5.0;
				TARGETED_DEVICE_FAMILY = "1,2";
				TEST_HOST = "$(BUILT_PRODUCTS_DIR)/SQLiteDemo.app/$(BUNDLE_EXECUTABLE_FOLDER_PATH)/SQLiteDemo";
			};
			name = Debug;
		};
		FEE1FD822BABD688000E5B4C /* Release */ = {
			isa = XCBuildConfiguration;
			buildSettings = {
				ALWAYS_EMBED_SWIFT_STANDARD_LIBRARIES = YES;
				BUNDLE_LOADER = "$(TEST_HOST)";
				CODE_SIGN_STYLE = Automatic;
				CURRENT_PROJECT_VERSION = 1;
				DEVELOPMENT_TEAM = PKYZS83VA8;
				GENERATE_INFOPLIST_FILE = YES;
				IPHONEOS_DEPLOYMENT_TARGET = 17.4;
				MARKETING_VERSION = 1.0;
				PRODUCT_BUNDLE_IDENTIFIER = edu.uw.ischool.data.SQLiteDemoTests;
				PRODUCT_NAME = "$(TARGET_NAME)";
				SWIFT_EMIT_LOC_STRINGS = NO;
				SWIFT_VERSION = 5.0;
				TARGETED_DEVICE_FAMILY = "1,2";
				TEST_HOST = "$(BUILT_PRODUCTS_DIR)/SQLiteDemo.app/$(BUNDLE_EXECUTABLE_FOLDER_PATH)/SQLiteDemo";
			};
			name = Release;
		};
		FEE1FD842BABD688000E5B4C /* Debug */ = {
			isa = XCBuildConfiguration;
			buildSettings = {
				ALWAYS_EMBED_SWIFT_STANDARD_LIBRARIES = YES;
				CODE_SIGN_STYLE = Automatic;
				CURRENT_PROJECT_VERSION = 1;
				DEVELOPMENT_TEAM = PKYZS83VA8;
				GENERATE_INFOPLIST_FILE = YES;
				MARKETING_VERSION = 1.0;
				PRODUCT_BUNDLE_IDENTIFIER = edu.uw.ischool.data.SQLiteDemoUITests;
				PRODUCT_NAME = "$(TARGET_NAME)";
				SWIFT_EMIT_LOC_STRINGS = NO;
				SWIFT_VERSION = 5.0;
				TARGETED_DEVICE_FAMILY = "1,2";
				TEST_TARGET_NAME = SQLiteDemo;
			};
			name = Debug;
		};
		FEE1FD852BABD688000E5B4C /* Release */ = {
			isa = XCBuildConfiguration;
			buildSettings = {
				ALWAYS_EMBED_SWIFT_STANDARD_LIBRARIES = YES;
				CODE_SIGN_STYLE = Automatic;
				CURRENT_PROJECT_VERSION = 1;
				DEVELOPMENT_TEAM = PKYZS83VA8;
				GENERATE_INFOPLIST_FILE = YES;
				MARKETING_VERSION = 1.0;
				PRODUCT_BUNDLE_IDENTIFIER = edu.uw.ischool.data.SQLiteDemoUITests;
				PRODUCT_NAME = "$(TARGET_NAME)";
				SWIFT_EMIT_LOC_STRINGS = NO;
				SWIFT_VERSION = 5.0;
				TARGETED_DEVICE_FAMILY = "1,2";
				TEST_TARGET_NAME = SQLiteDemo;
			};
			name = Release;
		};
/* End XCBuildConfiguration section */

/* Begin XCConfigurationList section */
		FEE1FD4E2BABD686000E5B4C /* Build configuration list for PBXProject "SQLiteDemo" */ = {
			isa = XCConfigurationList;
			buildConfigurations = (
				FEE1FD7B2BABD688000E5B4C /* Debug */,
				FEE1FD7C2BABD688000E5B4C /* Release */,
			);
			defaultConfigurationIsVisible = 0;
			defaultConfigurationName = Release;
		};
		FEE1FD7D2BABD688000E5B4C /* Build configuration list for PBXNativeTarget "SQLiteDemo" */ = {
			isa = XCConfigurationList;
			buildConfigurations = (
				FEE1FD7E2BABD688000E5B4C /* Debug */,
				FEE1FD7F2BABD688000E5B4C /* Release */,
			);
			defaultConfigurationIsVisible = 0;
			defaultConfigurationName = Release;
		};
		FEE1FD802BABD688000E5B4C /* Build configuration list for PBXNativeTarget "SQLiteDemoTests" */ = {
			isa = XCConfigurationList;
			buildConfigurations = (
				FEE1FD812BABD688000E5B4C /* Debug */,
				FEE1FD822BABD688000E5B4C /* Release */,
			);
			defaultConfigurationIsVisible = 0;
			defaultConfigurationName = Release;
		};
		FEE1FD832BABD688000E5B4C /* Build configuration list for PBXNativeTarget "SQLiteDemoUITests" */ = {
			isa = XCConfigurationList;
			buildConfigurations = (
				FEE1FD842BABD688000E5B4C /* Debug */,
				FEE1FD852BABD688000E5B4C /* Release */,
			);
			defaultConfigurationIsVisible = 0;
			defaultConfigurationName = Release;
		};
/* End XCConfigurationList section */
	};
	rootObject = FEE1FD4B2BABD686000E5B4C /* Project object */;
}
